
Microsoft Visual Studio Solution File, Format Version 12.00
# Visual Studio Version 17
VisualStudioVersion = 17.12.35514.174 d17.12
MinimumVisualStudioVersion = 10.0.40219.1
Project("{FAE04EC0-301F-11D3-BF4B-00C04F79EFBC}") = "comment-service", "comment-service\comment-service.csproj", "{70E8C584-047F-4060-9B30-66203EA284F4}"
EndProject
Project("{FAE04EC0-301F-11D3-BF4B-00C04F79EFBC}") = "comment-service.AppHost", "comment-service.AppHost\comment-service.AppHost.csproj", "{D75D0197-9765-448A-B489-3786BA5E483A}"
EndProject
Project("{FAE04EC0-301F-11D3-BF4B-00C04F79EFBC}") = "comment-service.ServiceDefaults", "comment-service.ServiceDefaults\comment-service.ServiceDefaults.csproj", "{0E1339C5-E40E-4F90-9487-51404041B981}"
EndProject
Global
	GlobalSection(SolutionConfigurationPlatforms) = preSolution
		Debug|Any CPU = Debug|Any CPU
		Release|Any CPU = Release|Any CPU
	EndGlobalSection
	GlobalSection(ProjectConfigurationPlatforms) = postSolution
		{70E8C584-047F-4060-9B30-66203EA284F4}.Debug|Any CPU.ActiveCfg = Debug|Any CPU
		{70E8C584-047F-4060-9B30-66203EA284F4}.Debug|Any CPU.Build.0 = Debug|Any CPU
		{70E8C584-047F-4060-9B30-66203EA284F4}.Release|Any CPU.ActiveCfg = Release|Any CPU
		{70E8C584-047F-4060-9B30-66203EA284F4}.Release|Any CPU.Build.0 = Release|Any CPU
		{D75D0197-9765-448A-B489-3786BA5E483A}.Debug|Any CPU.ActiveCfg = Debug|Any CPU
		{D75D0197-9765-448A-B489-3786BA5E483A}.Debug|Any CPU.Build.0 = Debug|Any CPU
		{D75D0197-9765-448A-B489-3786BA5E483A}.Release|Any CPU.ActiveCfg = Release|Any CPU
		{D75D0197-9765-448A-B489-3786BA5E483A}.Release|Any CPU.Build.0 = Release|Any CPU
		{0E1339C5-E40E-4F90-9487-51404041B981}.Debug|Any CPU.ActiveCfg = Debug|Any CPU
		{0E1339C5-E40E-4F90-9487-51404041B981}.Debug|Any CPU.Build.0 = Debug|Any CPU
		{0E1339C5-E40E-4F90-9487-51404041B981}.Release|Any CPU.ActiveCfg = Release|Any CPU
		{0E1339C5-E40E-4F90-9487-51404041B981}.Release|Any CPU.Build.0 = Release|Any CPU
	EndGlobalSection
	GlobalSection(SolutionProperties) = preSolution
		HideSolutionNode = FALSE
	EndGlobalSection
EndGlobal
